# THIS IS AN AUTOGENERATED FILE. DO NOT EDIT THIS FILE DIRECTLY.
# yarn lockfile v1


"@sinonjs/commons@^3.0.1":
  version "3.0.1"
  resolved "https://registry.npmjs.org/@sinonjs/commons/-/commons-3.0.1.tgz"
  integrity sha512-K3mCHKQ9sVh8o1C9cxkwxaOmXoAMlDxC1mYyHrjqOWEcBjYr76t96zL2zlj5dUGZ3HSw240X1qgH3Mjf1yJWpQ==
  dependencies:
    type-detect "4.0.8"

"@sinonjs/fake-timers@^15.4.0":
  version "15.4.0"
  resolved "https://registry.npmjs.org/@sinonjs/fake-timers/-/fake-timers-15.4.0.tgz"
  integrity sha512-DsG+8/LscQIQg68J6Ef3dv10u6nVyetYn923s3/sus5eaGfTo1of5WMZSLf0UJc9KDuKPilPH0UDJCjvNbDNCA==
  dependencies:
    "@sinonjs/commons" "^3.0.1"

"@sinonjs/samsam@^10.0.2":
  version "10.0.2"
  resolved "https://registry.npmjs.org/@sinonjs/samsam/-/samsam-10.0.2.tgz"
  integrity sha512-8lVwD1Df1BmzoaOLhMcGGcz/Jyr5QY2KSB75/YK1QgKzoabTeLdIVyhXNZK9ojfSKSdirbXqdbsXXqP9/Ve8+A==
  dependencies:
    "@sinonjs/commons" "^3.0.1"
    type-detect "^4.1.0"

commander@7.2.0:
  version "7.2.0"
  resolved "https://registry.npmjs.org/commander/-/commander-7.2.0.tgz"
  integrity sha512-QrWXB+ZQSVPmIWIhtEO9H+gwHaMGYiF5ChvoJ+K9ZGHG/sVsa6yiesAD1GC/x46sET00Xlwo1u49RVVVzvcSkw==

diff@^9.0.0:
  version "9.0.0"
  resolved "https://registry.npmjs.org/diff/-/diff-9.0.0.tgz"
  integrity sha512-svtcdpS8CgJyqAjEQIXdb3OjhFVVYjzGAPO8WGCmRbrml64SPw/jJD4GoE98aR7r25A0XcgrK3F02yw9R/vhQw==

globalyzer@0.1.0:
  version "0.1.0"
  resolved "https://registry.npmjs.org/globalyzer/-/globalyzer-0.1.0.tgz"
  integrity sha512-40oNTM9UfG6aBmuKxk/giHn5nQ8RVz/SS4Ir6zgzOv9/qC3kKZ9v4etGTcJbEl/NyVQH7FGU7d+X1egr57Md2Q==

globrex@^0.1.2:
  version "0.1.2"
  resolved "https://registry.npmjs.org/globrex/-/globrex-0.1.2.tgz"
  integrity sha512-uHJgbwAMwNFf5mLst7IWLNg14x1CkeqglJb/K3doi4dw6q2IvAAmM/Y81kevy83wP+Sst+nutFTYOGg3d1lsxg==

node-watch@0.7.3:
  version "0.7.3"
  resolved "https://registry.npmjs.org/node-watch/-/node-watch-0.7.3.tgz"
  integrity sha512-3l4E8uMPY1HdMMryPRUAl+oIHtXtyiTlIiESNSVSNxcPfzAFzeTbXFQkZfAwBbo0B1qMSG8nUABx+Gd+YrbKrQ==

qunit@^2.24.2:
  version "2.26.0"
  resolved "https://registry.npmjs.org/qunit/-/qunit-2.26.0.tgz"
  integrity sha512-KSv16YomcYmiK90qTOJl3Bm5IvTf2upqQDdBQWCvSQWe94FWobnUgKOpvpvZdG7VkDt3TJSI8k8g9+GGGEd7Fw==
  dependencies:
    commander "7.2.0"
    node-watch "0.7.3"
    tiny-glob "0.2.9"

sinon@^22.0.0:
  version "22.0.0"
  resolved "https://registry.npmjs.org/sinon/-/sinon-22.0.0.tgz"
  integrity sha512-sq/6DpdXOrLyfbKlXLg/Usc7xu8YXPeLkOFZRvA3bNUSA2lhbrZ06yuXbH1fkzBPCbz9O10+7hznzUsjaYNm0Q==
  dependencies:
    "@sinonjs/commons" "^3.0.1"
    "@sinonjs/fake-timers" "^15.4.0"
    "@sinonjs/samsam" "^10.0.2"
    diff "^9.0.0"

tiny-glob@0.2.9:
  version "0.2.9"
  resolved "https://registry.npmjs.org/tiny-glob/-/tiny-glob-0.2.9.tgz"
  integrity sha512-g/55ssRPUjShh+xkfx9UPDXqhckHEsHr4Vd9zX55oSdGZc/MD0m3sferOkwWtp98bv+kcVfEHtRJgBVJzelrzg==
  dependencies:
    globalyzer "0.1.0"
    globrex "^0.1.2"

type-detect@^4.1.0:
  version "4.1.0"
  resolved "https://registry.npmjs.org/type-detect/-/type-detect-4.1.0.tgz"
  integrity sha512-Acylog8/luQ8L7il+geoSxhEkazvkslg7PSNKOX59mbB9cOveP5aq9h74Y7YU8yDpJwetzQQrfIwtf4Wp4LKcw==

type-detect@4.0.8:
  version "4.0.8"
  resolved "https://registry.npmjs.org/type-detect/-/type-detect-4.0.8.tgz"
  integrity sha512-0fr/mIH1dlO+x7TlcMy+bIDqKPsw/70tVyeHW787goQjhmqaZe10uwLujubK9q9Lg6Fiho1KUKDYz0Z7k7g5/g==
